// !$*UTF8*$!
{
	archiveVersion = 1;
	classes = {
	};
	objectVersion = 56;
	objects = {

/* Begin PBXBuildFile section */
		05002AEF2C08C9D70092AEB8 /* LiveHeartRate Watch App.app in Embed Watch Content */ = {isa = PBXBuildFile; fileRef = 05002AEE2C08C9D70092AEB8 /* LiveHeartRate Watch App.app */; settings = {ATTRIBUTES = (RemoveHeadersOnCopy, ); }; };
		05002AF42C08C9D70092AEB8 /* LiveHeartRateApp.swift in Sources */ = {isa = PBXBuildFile; fileRef = 05002AF32C08C9D70092AEB8 /* LiveHeartRateApp.swift */; };
		05002AF82C08C9D90092AEB8 /* Assets.xcassets in Resources */ = {isa = PBXBuildFile; fileRef = 05002AF72C08C9D90092AEB8 /* Assets.xcassets */; };
		05002AFB2C08C9D90092AEB8 /* Preview Assets.xcassets in Resources */ = {isa = PBXBuildFile; fileRef = 05002AFA2C08C9D90092AEB8 /* Preview Assets.xcassets */; };
		05002B0A2C08CC3F0092AEB8 /* HealthKitManager.swift in Sources */ = {isa = PBXBuildFile; fileRef = 05002B092C08CC3F0092AEB8 /* HealthKitManager.swift */; };
		05002B0C2C08CC960092AEB8 /* HeartRateManager.swift in Sources */ = {isa = PBXBuildFile; fileRef = 05002B0B2C08CC960092AEB8 /* HeartRateManager.swift */; };
		05002B102C08CCD80092AEB8 /* HeartRateViewModel.swift in Sources */ = {isa = PBXBuildFile; fileRef = 05002B0F2C08CCD80092AEB8 /* HeartRateViewModel.swift */; };
		05002B122C08CD8B0092AEB8 /* HeartRateModel.swift in Sources */ = {isa = PBXBuildFile; fileRef = 05002B112C08CD8B0092AEB8 /* HeartRateModel.swift */; };
		05002B142C08CE470092AEB8 /* HeartRateView.swift in Sources */ = {isa = PBXBuildFile; fileRef = 05002B132C08CE470092AEB8 /* HeartRateView.swift */; };
/* End PBXBuildFile section */

/* Begin PBXContainerItemProxy section */
		05002AF02C08C9D70092AEB8 /* PBXContainerItemProxy */ = {
			isa = PBXContainerItemProxy;
			containerPortal = 05002AE22C08C9D70092AEB8 /* Project object */;
			proxyType = 1;
			remoteGlobalIDString = 05002AED2C08C9D70092AEB8;
			remoteInfo = "LiveHeartRate Watch App";
		};
/* End PBXContainerItemProxy section */

/* Begin PBXCopyFilesBuildPhase section */
		05002B012C08C9D90092AEB8 /* Embed Watch Content */ = {
			isa = PBXCopyFilesBuildPhase;
			buildActionMask = 2147483647;
			dstPath = "$(CONTENTS_FOLDER_PATH)/Watch";
			dstSubfolderSpec = 16;
			files = (
				05002AEF2C08C9D70092AEB8 /* LiveHeartRate Watch App.app in Embed Watch Content */,
			);
			name = "Embed Watch Content";
			runOnlyForDeploymentPostprocessing = 0;
		};
/* End PBXCopyFilesBuildPhase section */

/* Begin PBXFileReference section */
		05002AE82C08C9D70092AEB8 /* LiveHeartRate.app */ = {isa = PBXFileReference; explicitFileType = wrapper.application; includeInIndex = 0; path = LiveHeartRate.app; sourceTree = BUILT_PRODUCTS_DIR; };
		05002AEE2C08C9D70092AEB8 /* LiveHeartRate Watch App.app */ = {isa = PBXFileReference; explicitFileType = wrapper.application; includeInIndex = 0; path = "LiveHeartRate Watch App.app"; sourceTree = BUILT_PRODUCTS_DIR; };
		05002AF32C08C9D70092AEB8 /* LiveHeartRateApp.swift */ = {isa = PBXFileReference; lastKnownFileType = sourcecode.swift; path = LiveHeartRateApp.swift; sourceTree = "<group>"; };
		05002AF72C08C9D90092AEB8 /* Assets.xcassets */ = {isa = PBXFileReference; lastKnownFileType = folder.assetcatalog; path = Assets.xcassets; sourceTree = "<group>"; };
		05002AFA2C08C9D90092AEB8 /* Preview Assets.xcassets */ = {isa = PBXFileReference; lastKnownFileType = folder.assetcatalog; path = "Preview Assets.xcassets"; sourceTree = "<group>"; };
		05002B092C08CC3F0092AEB8 /* HealthKitManager.swift */ = {isa = PBXFileReference; lastKnownFileType = sourcecode.swift; path = HealthKitManager.swift; sourceTree = "<group>"; };
		05002B0B2C08CC960092AEB8 /* HeartRateManager.swift */ = {isa = PBXFileReference; lastKnownFileType = sourcecode.swift; path = HeartRateManager.swift; sourceTree = "<group>"; };
		05002B0F2C08CCD80092AEB8 /* HeartRateViewModel.swift */ = {isa = PBXFileReference; lastKnownFileType = sourcecode.swift; path = HeartRateViewModel.swift; sourceTree = "<group>"; };
		05002B112C08CD8B0092AEB8 /* HeartRateModel.swift */ = {isa = PBXFileReference; lastKnownFileType = sourcecode.swift; path = HeartRateModel.swift; sourceTree = "<group>"; };
		05002B132C08CE470092AEB8 /* HeartRateView.swift */ = {isa = PBXFileReference; lastKnownFileType = sourcecode.swift; path = HeartRateView.swift; sourceTree = "<group>"; };
		05002B152C08D18B0092AEB8 /* LiveHeartRate Watch App.entitlements */ = {isa = PBXFileReference; lastKnownFileType = text.plist.entitlements; path = "LiveHeartRate Watch App.entitlements"; sourceTree = "<group>"; };
/* End PBXFileReference section */

/* Begin PBXFrameworksBuildPhase section */
		05002AEB2C08C9D70092AEB8 /* Frameworks */ = {
			isa = PBXFrameworksBuildPhase;
			buildActionMask = 2147483647;
			files = (
			);
			runOnlyForDeploymentPostprocessing = 0;
		};
/* End PBXFrameworksBuildPhase section */

/* Begin PBXGroup section */
		05002AE12C08C9D70092AEB8 = {
			isa = PBXGroup;
			children = (
				05002AF22C08C9D70092AEB8 /* LiveHeartRate Watch App */,
				05002AE92C08C9D70092AEB8 /* Products */,
			);
			sourceTree = "<group>";
		};
		05002AE92C08C9D70092AEB8 /* Products */ = {
			isa = PBXGroup;
			children = (
				05002AE82C08C9D70092AEB8 /* LiveHeartRate.app */,
				05002AEE2C08C9D70092AEB8 /* LiveHeartRate Watch App.app */,
			);
			name = Products;
			sourceTree = "<group>";
		};
		05002AF22C08C9D70092AEB8 /* LiveHeartRate Watch App */ = {
			isa = PBXGroup;
			children = (
				05002B152C08D18B0092AEB8 /* LiveHeartRate Watch App.entitlements */,
				05002AF32C08C9D70092AEB8 /* LiveHeartRateApp.swift */,
				05002B062C08CA3B0092AEB8 /* Services */,
				05002B052C08CA300092AEB8 /* Models */,
				05002B072C08CA400092AEB8 /* ViewModels */,
				05002B082C08CA550092AEB8 /* Views */,
				05002AF72C08C9D90092AEB8 /* Assets.xcassets */,
				05002AF92C08C9D90092AEB8 /* Preview Content */,
			);
			path = "LiveHeartRate Watch App";
			sourceTree = "<group>";
		};
		05002AF92C08C9D90092AEB8 /* Preview Content */ = {
			isa = PBXGroup;
			children = (
				05002AFA2C08C9D90092AEB8 /* Preview Assets.xcassets */,
			);
			path = "Preview Content";
			sourceTree = "<group>";
		};
		05002B052C08CA300092AEB8 /* Models */ = {
			isa = PBXGroup;
			children = (
				05002B112C08CD8B0092AEB8 /* HeartRateModel.swift */,
			);
			path = Models;
			sourceTree = "<group>";
		};
		05002B062C08CA3B0092AEB8 /* Services */ = {
			isa = PBXGroup;
			children = (
				05002B092C08CC3F0092AEB8 /* HealthKitManager.swift */,
				05002B0B2C08CC960092AEB8 /* HeartRateManager.swift */,
			);
			path = Services;
			sourceTree = "<group>";
		};
		05002B072C08CA400092AEB8 /* ViewModels */ = {
			isa = PBXGroup;
			children = (
				05002B0F2C08CCD80092AEB8 /* HeartRateViewModel.swift */,
			);
			path = ViewModels;
			sourceTree = "<group>";
		};
		05002B082C08CA550092AEB8 /* Views */ = {
			isa = PBXGroup;
			children = (
				05002B132C08CE470092AEB8 /* HeartRateView.swift */,
			);
			path = Views;
			sourceTree = "<group>";
		};
/* End PBXGroup section */

/* Begin PBXNativeTarget section */
		05002AE72C08C9D70092AEB8 /* LiveHeartRate */ = {
			isa = PBXNativeTarget;
			buildConfigurationList = 05002B022C08C9D90092AEB8 /* Build configuration list for PBXNativeTarget "LiveHeartRate" */;
			buildPhases = (
				05002AE62C08C9D70092AEB8 /* Resources */,
				05002B012C08C9D90092AEB8 /* Embed Watch Content */,
			);
			buildRules = (
			);
			dependencies = (
				05002AF12C08C9D70092AEB8 /* PBXTargetDependency */,
			);
			name = LiveHeartRate;
			productName = LiveHeartRate;
			productReference = 05002AE82C08C9D70092AEB8 /* LiveHeartRate.app */;
			productType = "com.apple.product-type.application.watchapp2-container";
		};
		05002AED2C08C9D70092AEB8 /* LiveHeartRate Watch App */ = {
			isa = PBXNativeTarget;
			buildConfigurationList = 05002AFE2C08C9D90092AEB8 /* Build configuration list for PBXNativeTarget "LiveHeartRate Watch App" */;
			buildPhases = (
				05002AEA2C08C9D70092AEB8 /* Sources */,
				05002AEB2C08C9D70092AEB8 /* Frameworks */,
				05002AEC2C08C9D70092AEB8 /* Resources */,
			);
			buildRules = (
			);
			dependencies = (
			);
			name = "LiveHeartRate Watch App";
			productName = "LiveHeartRate Watch App";
			productReference = 05002AEE2C08C9D70092AEB8 /* LiveHeartRate Watch App.app */;
			productType = "com.apple.product-type.application";
		};
/* End PBXNativeTarget section */

/* Begin PBXProject section */
		05002AE22C08C9D70092AEB8 /* Project object */ = {
			isa = PBXProject;
			attributes = {
				BuildIndependentTargetsInParallel = 1;
				LastSwiftUpdateCheck = 1540;
				LastUpgradeCheck = 1540;
				TargetAttributes = {
					05002AE72C08C9D70092AEB8 = {
						CreatedOnToolsVersion = 15.4;
					};
					05002AED2C08C9D70092AEB8 = {
						CreatedOnToolsVersion = 15.4;
					};
				};
			};
			buildConfigurationList = 05002AE52C08C9D70092AEB8 /* Build configuration list for PBXProject "LiveHeartRate" */;
			compatibilityVersion = "Xcode 14.0";
			developmentRegion = en;
			hasScannedForEncodings = 0;
			knownRegions = (
				en,
				Base,
			);
			mainGroup = 05002AE12C08C9D70092AEB8;
			productRefGroup = 05002AE92C08C9D70092AEB8 /* Products */;
			projectDirPath = "";
			projectRoot = "";
			targets = (
				05002AE72C08C9D70092AEB8 /* LiveHeartRate */,
				05002AED2C08C9D70092AEB8 /* LiveHeartRate Watch App */,
			);
		};
/* End PBXProject section */

/* Begin PBXResourcesBuildPhase section */
		05002AE62C08C9D70092AEB8 /* Resources */ = {
			isa = PBXResourcesBuildPhase;
			buildActionMask = 2147483647;
			files = (
			);
			runOnlyForDeploymentPostprocessing = 0;
		};
		05002AEC2C08C9D70092AEB8 /* Resources */ = {
			isa = PBXResourcesBuildPhase;
			buildActionMask = 2147483647;
			files = (
				05002AFB2C08C9D90092AEB8 /* Preview Assets.xcassets in Resources */,
				05002AF82C08C9D90092AEB8 /* Assets.xcassets in Resources */,
			);
			runOnlyForDeploymentPostprocessing = 0;
		};
/* End PBXResourcesBuildPhase section */

/* Begin PBXSourcesBuildPhase section */
		05002AEA2C08C9D70092AEB8 /* Sources */ = {
			isa = PBXSourcesBuildPhase;
			buildActionMask = 2147483647;
			files = (
				05002B0C2C08CC960092AEB8 /* HeartRateManager.swift in Sources */,
				05002B102C08CCD80092AEB8 /* HeartRateViewModel.swift in Sources */,
				05002B142C08CE470092AEB8 /* HeartRateView.swift in Sources */,
				05002B122C08CD8B0092AEB8 /* HeartRateModel.swift in Sources */,
				05002AF42C08C9D70092AEB8 /* LiveHeartRateApp.swift in Sources */,
				05002B0A2C08CC3F0092AEB8 /* HealthKitManager.swift in Sources */,
			);
			runOnlyForDeploymentPostprocessing = 0;
		};
/* End PBXSourcesBuildPhase section */

/* Begin PBXTargetDependency section */
		05002AF12C08C9D70092AEB8 /* PBXTargetDependency */ = {
			isa = PBXTargetDependency;
			target = 05002AED2C08C9D70092AEB8 /* LiveHeartRate Watch App */;
			targetProxy = 05002AF02C08C9D70092AEB8 /* PBXContainerItemProxy */;
		};
/* End PBXTargetDependency section */

/* Begin XCBuildConfiguration section */
		05002AFC2C08C9D90092AEB8 /* Debug */ = {
			isa = XCBuildConfiguration;
			buildSettings = {
				ALWAYS_SEARCH_USER_PATHS = NO;
				ASSETCATALOG_COMPILER_GENERATE_SWIFT_ASSET_SYMBOL_EXTENSIONS = YES;
				CLANG_ANALYZER_NONNULL = YES;
				CLANG_ANALYZER_NUMBER_OBJECT_CONVERSION = YES_AGGRESSIVE;
				CLANG_CXX_LANGUAGE_STANDARD = "gnu++20";
				CLANG_ENABLE_MODULES = YES;
				CLANG_ENABLE_OBJC_ARC = YES;
				CLANG_ENABLE_OBJC_WEAK = YES;
				CLANG_WARN_BLOCK_CAPTURE_AUTORELEASING = YES;
				CLANG_WARN_BOOL_CONVERSION = YES;
				CLANG_WARN_COMMA = YES;
				CLANG_WARN_CONSTANT_CONVERSION = YES;
				CLANG_WARN_DEPRECATED_OBJC_IMPLEMENTATIONS = YES;
				CLANG_WARN_DIRECT_OBJC_ISA_USAGE = YES_ERROR;
				CLANG_WARN_DOCUMENTATION_COMMENTS = YES;
				CLANG_WARN_EMPTY_BODY = YES;
				CLANG_WARN_ENUM_CONVERSION = YES;
				CLANG_WARN_INFINITE_RECURSION = YES;
				CLANG_WARN_INT_CONVERSION = YES;
				CLANG_WARN_NON_LITERAL_NULL_CONVERSION = YES;
				CLANG_WARN_OBJC_IMPLICIT_RETAIN_SELF = YES;
				CLANG_WARN_OBJC_LITERAL_CONVERSION = YES;
				CLANG_WARN_OBJC_ROOT_CLASS = YES_ERROR;
				CLANG_WARN_QUOTED_INCLUDE_IN_FRAMEWORK_HEADER = YES;
				CLANG_WARN_RANGE_LOOP_ANALYSIS = YES;
				CLANG_WARN_STRICT_PROTOTYPES = YES;
				CLANG_WARN_SUSPICIOUS_MOVE = YES;
				CLANG_WARN_UNGUARDED_AVAILABILITY = YES_AGGRESSIVE;
				CLANG_WARN_UNREACHABLE_CODE = YES;
				CLANG_WARN__DUPLICATE_METHOD_MATCH = YES;
				COPY_PHASE_STRIP = NO;
				DEBUG_INFORMATION_FORMAT = dwarf;
				ENABLE_STRICT_OBJC_MSGSEND = YES;
				ENABLE_TESTABILITY = YES;
				ENABLE_USER_SCRIPT_SANDBOXING = YES;
				GCC_C_LANGUAGE_STANDARD = gnu17;
				GCC_DYNAMIC_NO_PIC = NO;
				GCC_NO_COMMON_BLOCKS = YES;
				GCC_OPTIMIZATION_LEVEL = 0;
				GCC_PREPROCESSOR_DEFINITIONS = (
					"DEBUG=1",
					"$(inherited)",
				);
				GCC_WARN_64_TO_32_BIT_CONVERSION = YES;
				GCC_WARN_ABOUT_RETURN_TYPE = YES_ERROR;
				GCC_WARN_UNDECLARED_SELECTOR = YES;
				GCC_WARN_UNINITIALIZED_AUTOS = YES_AGGRESSIVE;
				GCC_WARN_UNUSED_FUNCTION = YES;
				GCC_WARN_UNUSED_VARIABLE = YES;
				LOCALIZATION_PREFERS_STRING_CATALOGS = YES;
				MTL_ENABLE_DEBUG_INFO = INCLUDE_SOURCE;
				MTL_FAST_MATH = YES;
				ONLY_ACTIVE_ARCH = YES;
				SWIFT_ACTIVE_COMPILATION_CONDITIONS = "DEBUG $(inherited)";
				SWIFT_OPTIMIZATION_LEVEL = "-Onone";
			};
			name = Debug;
		};
		05002AFD2C08C9D90092AEB8 /* Release */ = {
			isa = XCBuildConfiguration;
			buildSettings = {
				ALWAYS_SEARCH_USER_PATHS = NO;
				ASSETCATALOG_COMPILER_GENERATE_SWIFT_ASSET_SYMBOL_EXTENSIONS = YES;
				CLANG_ANALYZER_NONNULL = YES;
				CLANG_ANALYZER_NUMBER_OBJECT_CONVERSION = YES_AGGRESSIVE;
				CLANG_CXX_LANGUAGE_STANDARD = "gnu++20";
				CLANG_ENABLE_MODULES = YES;
				CLANG_ENABLE_OBJC_ARC = YES;
				CLANG_ENABLE_OBJC_WEAK = YES;
				CLANG_WARN_BLOCK_CAPTURE_AUTORELEASING = YES;
				CLANG_WARN_BOOL_CONVERSION = YES;
				CLANG_WARN_COMMA = YES;
				CLANG_WARN_CONSTANT_CONVERSION = YES;
				CLANG_WARN_DEPRECATED_OBJC_IMPLEMENTATIONS = YES;
				CLANG_WARN_DIRECT_OBJC_ISA_USAGE = YES_ERROR;
				CLANG_WARN_DOCUMENTATION_COMMENTS = YES;
				CLANG_WARN_EMPTY_BODY = YES;
				CLANG_WARN_ENUM_CONVERSION = YES;
				CLANG_WARN_INFINITE_RECURSION = YES;
				CLANG_WARN_INT_CONVERSION = YES;
				CLANG_WARN_NON_LITERAL_NULL_CONVERSION = YES;
				CLANG_WARN_OBJC_IMPLICIT_RETAIN_SELF = YES;
				CLANG_WARN_OBJC_LITERAL_CONVERSION = YES;
				CLANG_WARN_OBJC_ROOT_CLASS = YES_ERROR;
				CLANG_WARN_QUOTED_INCLUDE_IN_FRAMEWORK_HEADER = YES;
				CLANG_WARN_RANGE_LOOP_ANALYSIS = YES;
				CLANG_WARN_STRICT_PROTOTYPES = YES;
				CLANG_WARN_SUSPICIOUS_MOVE = YES;
				CLANG_WARN_UNGUARDED_AVAILABILITY = YES_AGGRESSIVE;
				CLANG_WARN_UNREACHABLE_CODE = YES;
				CLANG_WARN__DUPLICATE_METHOD_MATCH = YES;
				COPY_PHASE_STRIP = NO;
				DEBUG_INFORMATION_FORMAT = "dwarf-with-dsym";
				ENABLE_NS_ASSERTIONS = NO;
				ENABLE_STRICT_OBJC_MSGSEND = YES;
				ENABLE_USER_SCRIPT_SANDBOXING = YES;
				GCC_C_LANGUAGE_STANDARD = gnu17;
				GCC_NO_COMMON_BLOCKS = YES;
				GCC_WARN_64_TO_32_BIT_CONVERSION = YES;
				GCC_WARN_ABOUT_RETURN_TYPE = YES_ERROR;
				GCC_WARN_UNDECLARED_SELECTOR = YES;
				GCC_WARN_UNINITIALIZED_AUTOS = YES_AGGRESSIVE;
				GCC_WARN_UNUSED_FUNCTION = YES;
				GCC_WARN_UNUSED_VARIABLE = YES;
				LOCALIZATION_PREFERS_STRING_CATALOGS = YES;
				MTL_ENABLE_DEBUG_INFO = NO;
				MTL_FAST_MATH = YES;
				SWIFT_COMPILATION_MODE = wholemodule;
			};
			name = Release;
		};
		05002AFF2C08C9D90092AEB8 /* Debug */ = {
			isa = XCBuildConfiguration;
			buildSettings = {
				ASSETCATALOG_COMPILER_APPICON_NAME = AppIcon;
				ASSETCATALOG_COMPILER_GLOBAL_ACCENT_COLOR_NAME = AccentColor;
				CODE_SIGN_ENTITLEMENTS = "LiveHeartRate Watch App/LiveHeartRate Watch App.entitlements";
				CODE_SIGN_STYLE = Automatic;
				CURRENT_PROJECT_VERSION = 1;
				DEVELOPMENT_ASSET_PATHS = "\"LiveHeartRate Watch App/Preview Content\"";
				DEVELOPMENT_TEAM = AD6RKLU932;
				ENABLE_PREVIEWS = YES;
				GENERATE_INFOPLIST_FILE = YES;
				INFOPLIST_KEY_CFBundleDisplayName = LiveHeartRate;
				INFOPLIST_KEY_NSHealthShareUsageDescription = "This app needs to access your health data";
				INFOPLIST_KEY_UISupportedInterfaceOrientations = "UIInterfaceOrientationPortrait UIInterfaceOrientationPortraitUpsideDown";
				INFOPLIST_KEY_WKWatchOnly = YES;
				LD_RUNPATH_SEARCH_PATHS = (
					"$(inherited)",
					"@executable_path/Frameworks",
				);
				MARKETING_VERSION = 1.0;
				PRODUCT_BUNDLE_IDENTIFIER = com.LuckyBastard.LiveHeartRate.watchkitapp;
				PRODUCT_NAME = "$(TARGET_NAME)";
				SDKROOT = watchos;
				SKIP_INSTALL = YES;
				SWIFT_EMIT_LOC_STRINGS = YES;
				SWIFT_VERSION = 5.0;
				TARGETED_DEVICE_FAMILY = 4;
				WATCHOS_DEPLOYMENT_TARGET = 10.5;
			};
			name = Debug;
		};
		05002B002C08C9D90092AEB8 /* Release */ = {
			isa = XCBuildConfiguration;
			buildSettings = {
				ASSETCATALOG_COMPILER_APPICON_NAME = AppIcon;
				ASSETCATALOG_COMPILER_GLOBAL_ACCENT_COLOR_NAME = AccentColor;
				CODE_SIGN_ENTITLEMENTS = "LiveHeartRate Watch App/LiveHeartRate Watch App.entitlements";
				CODE_SIGN_STYLE = Automatic;
				CURRENT_PROJECT_VERSION = 1;
				DEVELOPMENT_ASSET_PATHS = "\"LiveHeartRate Watch App/Preview Content\"";
				DEVELOPMENT_TEAM = AD6RKLU932;
				ENABLE_PREVIEWS = YES;
				GENERATE_INFOPLIST_FILE = YES;
				INFOPLIST_KEY_CFBundleDisplayName = LiveHeartRate;
				INFOPLIST_KEY_NSHealthShareUsageDescription = "This app needs to access your health data";
				INFOPLIST_KEY_UISupportedInterfaceOrientations = "UIInterfaceOrientationPortrait UIInterfaceOrientationPortraitUpsideDown";
				INFOPLIST_KEY_WKWatchOnly = YES;
				LD_RUNPATH_SEARCH_PATHS = (
					"$(inherited)",
					"@executable_path/Frameworks",
				);
				MARKETING_VERSION = 1.0;
				PRODUCT_BUNDLE_IDENTIFIER = com.LuckyBastard.LiveHeartRate.watchkitapp;
				PRODUCT_NAME = "$(TARGET_NAME)";
				SDKROOT = watchos;
				SKIP_INSTALL = YES;
				SWIFT_EMIT_LOC_STRINGS = YES;
				SWIFT_VERSION = 5.0;
				TARGETED_DEVICE_FAMILY = 4;
				VALIDATE_PRODUCT = YES;
				WATCHOS_DEPLOYMENT_TARGET = 10.5;
			};
			name = Release;
		};
		05002B032C08C9D90092AEB8 /* Debug */ = {
			isa = XCBuildConfiguration;
			buildSettings = {
				ALWAYS_EMBED_SWIFT_STANDARD_LIBRARIES = YES;
				CODE_SIGN_STYLE = Automatic;
				CURRENT_PROJECT_VERSION = 1;
				DEVELOPMENT_TEAM = AD6RKLU932;
				INFOPLIST_KEY_CFBundleDisplayName = LiveHeartRate;
				MARKETING_VERSION = 1.0;
				PRODUCT_BUNDLE_IDENTIFIER = com.LuckyBastard.LiveHeartRate;
				PRODUCT_NAME = "$(TARGET_NAME)";
				SDKROOT = iphoneos;
				SWIFT_VERSION = 5.0;
			};
			name = Debug;
		};
		05002B042C08C9D90092AEB8 /* Release */ = {
			isa = XCBuildConfiguration;
			buildSettings = {
				ALWAYS_EMBED_SWIFT_STANDARD_LIBRARIES = YES;
				CODE_SIGN_STYLE = Automatic;
				CURRENT_PROJECT_VERSION = 1;
				DEVELOPMENT_TEAM = AD6RKLU932;
				INFOPLIST_KEY_CFBundleDisplayName = LiveHeartRate;
				MARKETING_VERSION = 1.0;
				PRODUCT_BUNDLE_IDENTIFIER = com.LuckyBastard.LiveHeartRate;
				PRODUCT_NAME = "$(TARGET_NAME)";
				SDKROOT = iphoneos;
				SWIFT_VERSION = 5.0;
				VALIDATE_PRODUCT = YES;
			};
			name = Release;
		};
/* End XCBuildConfiguration section */

/* Begin XCConfigurationList section */
		05002AE52C08C9D70092AEB8 /* Build configuration list for PBXProject "LiveHeartRate" */ = {
			isa = XCConfigurationList;
			buildConfigurations = (
				05002AFC2C08C9D90092AEB8 /* Debug */,
				05002AFD2C08C9D90092AEB8 /* Release */,
			);
			defaultConfigurationIsVisible = 0;
			defaultConfigurationName = Release;
		};
		05002AFE2C08C9D90092AEB8 /* Build configuration list for PBXNativeTarget "LiveHeartRate Watch App" */ = {
			isa = XCConfigurationList;
			buildConfigurations = (
				05002AFF2C08C9D90092AEB8 /* Debug */,
				05002B002C08C9D90092AEB8 /* Release */,
			);
			defaultConfigurationIsVisible = 0;
			defaultConfigurationName = Release;
		};
		05002B022C08C9D90092AEB8 /* Build configuration list for PBXNativeTarget "LiveHeartRate" */ = {
			isa = XCConfigurationList;
			buildConfigurations = (
				05002B032C08C9D90092AEB8 /* Debug */,
				05002B042C08C9D90092AEB8 /* Release */,
			);
			defaultConfigurationIsVisible = 0;
			defaultConfigurationName = Release;
		};
/* End XCConfigurationList section */
	};
	rootObject = 05002AE22C08C9D70092AEB8 /* Project object */;
}
